
Microsoft Visual Studio Solution File, Format Version 12.00
# Visual Studio Version 16
VisualStudioVersion = 25.0.1705.6
MinimumVisualStudioVersion = 10.0.40219.1
Project("{FAE04EC0-301F-11D3-BF4B-00C04F79EFBC}") = "SpecFlow.PoC", "SpecFlow.PoC\SpecFlow.PoC.csproj", "{05BED675-2B43-497F-8142-B837599EB9A4}"
EndProject
Project("{FAE04EC0-301F-11D3-BF4B-00C04F79EFBC}") = "SpecFlow.PoC.Tests", "SpecFlow.PoC.Tests\SpecFlow.PoC.Tests.csproj", "{025C4DAF-1334-4AFF-94CC-0EF5397DD504}"
EndProject
Project("{FAE04EC0-301F-11D3-BF4B-00C04F79EFBC}") = "SpecFlow.PoC.BDD.Tests", "SpecFlow.PoC.BDD.Tests\SpecFlow.PoC.BDD.Tests.csproj", "{F3704D7B-45C2-408A-B62F-BD680ED890B3}"
EndProject
Global
	GlobalSection(SolutionConfigurationPlatforms) = preSolution
		Debug|Any CPU = Debug|Any CPU
		Release|Any CPU = Release|Any CPU
	EndGlobalSection
	GlobalSection(ProjectConfigurationPlatforms) = postSolution
		{05BED675-2B43-497F-8142-B837599EB9A4}.Debug|Any CPU.ActiveCfg = Debug|Any CPU
		{05BED675-2B43-497F-8142-B837599EB9A4}.Debug|Any CPU.Build.0 = Debug|Any CPU
		{05BED675-2B43-497F-8142-B837599EB9A4}.Release|Any CPU.ActiveCfg = Release|Any CPU
		{05BED675-2B43-497F-8142-B837599EB9A4}.Release|Any CPU.Build.0 = Release|Any CPU
		{025C4DAF-1334-4AFF-94CC-0EF5397DD504}.Debug|Any CPU.ActiveCfg = Debug|Any CPU
		{025C4DAF-1334-4AFF-94CC-0EF5397DD504}.Debug|Any CPU.Build.0 = Debug|Any CPU
		{025C4DAF-1334-4AFF-94CC-0EF5397DD504}.Release|Any CPU.ActiveCfg = Release|Any CPU
		{025C4DAF-1334-4AFF-94CC-0EF5397DD504}.Release|Any CPU.Build.0 = Release|Any CPU
		{F3704D7B-45C2-408A-B62F-BD680ED890B3}.Debug|Any CPU.ActiveCfg = Debug|Any CPU
		{F3704D7B-45C2-408A-B62F-BD680ED890B3}.Debug|Any CPU.Build.0 = Debug|Any CPU
		{F3704D7B-45C2-408A-B62F-BD680ED890B3}.Release|Any CPU.ActiveCfg = Release|Any CPU
		{F3704D7B-45C2-408A-B62F-BD680ED890B3}.Release|Any CPU.Build.0 = Release|Any CPU
	EndGlobalSection
	GlobalSection(SolutionProperties) = preSolution
		HideSolutionNode = FALSE
	EndGlobalSection
	GlobalSection(ExtensibilityGlobals) = postSolution
		SolutionGuid = {6EEB2BD1-8743-48EB-94ED-C1DC848C7BBB}
	EndGlobalSection
EndGlobal
